
Microsoft Visual Studio Solution File, Format Version 12.00
# Visual Studio Version 17
VisualStudioVersion = 17.10.35027.167
MinimumVisualStudioVersion = 10.0.40219.1
Project("{888888A0-9F3D-457C-B088-3A5042F75D52}") = "ChildProcessApp", "ChildProcessApp\ChildProcessApp.pyproj", "{24EA822D-2297-487D-85BF-5C400B9764C3}"
EndProject
Global
	GlobalSection(SolutionConfigurationPlatforms) = preSolution
		Debug|Any CPU = Debug|Any CPU
		Release|Any CPU = Release|Any CPU
	EndGlobalSection
	GlobalSection(ProjectConfigurationPlatforms) = postSolution
		{24EA822D-2297-487D-85BF-5C400B9764C3}.Debug|Any CPU.ActiveCfg = Debug|Any CPU
		{24EA822D-2297-487D-85BF-5C400B9764C3}.Release|Any CPU.ActiveCfg = Release|Any CPU
	EndGlobalSection
	GlobalSection(SolutionProperties) = preSolution
		HideSolutionNode = FALSE
	EndGlobalSection
	GlobalSection(ExtensibilityGlobals) = postSolution
		SolutionGuid = {F1E99575-E846-4897-A2FA-F0E35D43C529}
	EndGlobalSection
EndGlobal
